PODS:
  - Masonry (1.1.0)
  - TZImagePickerController (2.2.5)

DEPENDENCIES:
  - Masonry
  - TZImagePickerController

SPEC REPOS:
  https://github.com/cocoapods/specs.git:
    - Masonry
    - TZImagePickerController

SPEC CHECKSUMS:
  Masonry: 678fab65091a9290e40e2832a55e7ab731aad201
  TZImagePickerController: cf5c9f0ae343e2eb1912b26e4d9fa811b3159319

PODFILE CHECKSUM: 3218e36ce7e1cdda8e40a4e722e9d363f27cddd0

COCOAPODS: 1.5.3
